{
  "version": 4,
  "terraform_version": "0.12.10",
  "serial": 149,
  "lineage": "b4ae2cdf-accf-89df-97f3-f02780642eba",
  "outputs": {},
  "resources": [
    {
      "mode": "data",
      "type": "nsxt_edge_cluster",
      "name": "edge_cluster",
      "provider": "provider.nsxt",
      "instances": [
        {
          "schema_version": 0,
          "attributes": {
            "deployment_type": "VIRTUAL_MACHINE",
            "description": "",
            "display_name": "edge-cluster-01a",
            "id": "db150f61-ce6b-4e42-a8de-83bd0d2d1b92",
            "member_node_type": "EDGE_NODE"
          }
        }
      ]
    },
    {
      "mode": "data",
      "type": "nsxt_logical_tier0_router",
      "name": "tier0_router",
      "provider": "provider.nsxt",
      "instances": [
        {
          "schema_version": 0,
          "attributes": {
            "description": "",
            "display_name": "T0-SITEA",
            "edge_cluster_id": "db150f61-ce6b-4e42-a8de-83bd0d2d1b92",
            "high_availability_mode": "ACTIVE_STANDBY",
            "id": "0b6ccb4c-4935-443f-b967-f3d5de1d661d"
          }
        }
      ]
    },
    {
      "mode": "data",
      "type": "nsxt_transport_zone",
      "name": "overlay_tz",
      "provider": "provider.nsxt",
      "instances": [
        {
          "schema_version": 0,
          "attributes": {
            "description": "",
            "display_name": "OVERLAY-TZ",
            "host_switch_name": "nvds",
            "id": "69007beb-637b-4269-a776-756198e5bf5f",
            "transport_type": "OVERLAY"
          }
        }
      ]
    },
    {
      "mode": "data",
      "type": "vsphere_datacenter",
      "name": "dc",
      "provider": "provider.vsphere",
      "instances": [
        {
          "schema_version": 0,
          "attributes": {
            "id": "datacenter-21",
            "name": "RegionA01"
          }
        }
      ]
    },
    {
      "mode": "data",
      "type": "vsphere_datastore",
      "name": "datastore",
      "provider": "provider.vsphere",
      "instances": [
        {
          "schema_version": 0,
          "attributes": {
            "datacenter_id": "datacenter-21",
            "id": "datastore-81",
            "name": "esx-04a-local"
          },
          "depends_on": [
            "data.vsphere_datacenter.dc"
          ]
        }
      ]
    },
    {
      "mode": "data",
      "type": "vsphere_resource_pool",
      "name": "pool",
      "provider": "provider.vsphere",
      "instances": [
        {
          "schema_version": 0,
          "attributes": {
            "datacenter_id": "datacenter-21",
            "id": "resgroup-206",
            "name": "terraform"
          },
          "depends_on": [
            "data.vsphere_datacenter.dc"
          ]
        }
      ]
    },
    {
      "mode": "data",
      "type": "vsphere_virtual_machine",
      "name": "template",
      "provider": "provider.vsphere",
      "instances": [
        {
          "schema_version": 0,
          "attributes": {
            "alternate_guest_name": "",
            "datacenter_id": "datacenter-21",
            "disks": [
              {
                "eagerly_scrub": false,
                "size": 16,
                "thin_provisioned": true
              }
            ],
            "firmware": "bios",
            "guest_id": "other3xLinux64Guest",
            "id": "421eacad-9e17-adda-02ab-cde322289408",
            "name": "web",
            "network_interface_types": [
              "vmxnet3"
            ],
            "scsi_bus_sharing": "noSharing",
            "scsi_controller_scan_count": 1,
            "scsi_type": "pvscsi"
          },
          "depends_on": [
            "data.vsphere_datacenter.dc"
          ]
        }
      ]
    },
    {
      "mode": "managed",
      "type": "nsxt_logical_port",
      "name": "web_logical_port",
      "provider": "provider.nsxt",
      "instances": [
        {
          "schema_version": 0,
          "attributes": {
            "admin_state": "UP",
            "description": "Provisioned by Terraform",
            "display_name": "t1-terraform-dev",
            "id": "65b4a3f8-1a0d-42da-b6ec-7fdb720c2050",
            "logical_switch_id": "0a7c48f5-1375-4f6c-84c3-6744c50f0a4d",
            "revision": 0,
            "switching_profile_id": [],
            "tag": [
              {
                "scope": "CreatedBy",
                "tag": "Terraform"
              },
              {
                "scope": "tenant",
                "tag": "dev"
              }
            ]
          },
          "private": "bnVsbA==",
          "depends_on": [
            "nsxt_logical_switch.web"
          ]
        }
      ]
    },
    {
      "mode": "managed",
      "type": "nsxt_logical_router_downlink_port",
      "name": "web",
      "provider": "provider.nsxt",
      "instances": [
        {
          "schema_version": 0,
          "attributes": {
            "description": "Provisioned by Terraform",
            "display_name": "Web",
            "id": "3aa98ba7-9cf3-4c78-80ca-da3176dbecf2",
            "ip_address": "172.16.10.1/24",
            "linked_logical_switch_port_id": "65b4a3f8-1a0d-42da-b6ec-7fdb720c2050",
            "logical_router_id": "7a9f50b6-8673-43cb-9f18-975c8c37c707",
            "mac_address": "02:50:56:56:44:52",
            "revision": 0,
            "service_binding": [],
            "tag": [
              {
                "scope": "CreatedBy",
                "tag": "Terraform"
              },
              {
                "scope": "tenant",
                "tag": "dev"
              }
            ],
            "urpf_mode": "STRICT"
          },
          "private": "bnVsbA==",
          "depends_on": [
            "nsxt_logical_port.web_logical_port",
            "nsxt_logical_tier1_router.tier1_router"
          ]
        }
      ]
    },
    {
      "mode": "managed",
      "type": "nsxt_logical_router_link_port_on_tier0",
      "name": "link_port_tier0",
      "provider": "provider.nsxt",
      "instances": [
        {
          "schema_version": 0,
          "attributes": {
            "description": "Provisioned by Terraform",
            "display_name": "t1-terraform-dev",
            "id": "472e102f-e932-4851-a492-706bc39c83ac",
            "linked_logical_router_port_id": "",
            "logical_router_id": "0b6ccb4c-4935-443f-b967-f3d5de1d661d",
            "revision": 0,
            "tag": [
              {
                "scope": "CreatedBy",
                "tag": "Terraform"
              },
              {
                "scope": "tenant",
                "tag": "dev"
              }
            ]
          },
          "private": "bnVsbA==",
          "depends_on": [
            "data.nsxt_logical_tier0_router.tier0_router"
          ]
        }
      ]
    },
    {
      "mode": "managed",
      "type": "nsxt_logical_router_link_port_on_tier1",
      "name": "link_port_tier1",
      "provider": "provider.nsxt",
      "instances": [
        {
          "schema_version": 0,
          "attributes": {
            "description": "Provisioned by Terraform",
            "display_name": "T0_PORT",
            "id": "a2db1dcd-714a-4d40-8992-c7c73c5743ec",
            "linked_logical_router_port_id": "472e102f-e932-4851-a492-706bc39c83ac",
            "logical_router_id": "7a9f50b6-8673-43cb-9f18-975c8c37c707",
            "revision": 0,
            "tag": [
              {
                "scope": "CreatedBy",
                "tag": "Terraform"
              },
              {
                "scope": "tenant",
                "tag": "dev"
              }
            ]
          },
          "private": "bnVsbA==",
          "depends_on": [
            "nsxt_logical_router_link_port_on_tier0.link_port_tier0",
            "nsxt_logical_tier1_router.tier1_router"
          ]
        }
      ]
    },
    {
      "mode": "managed",
      "type": "nsxt_logical_switch",
      "name": "web",
      "provider": "provider.nsxt",
      "instances": [
        {
          "schema_version": 0,
          "attributes": {
            "address_binding": [],
            "admin_state": "UP",
            "description": "LS created by Terraform",
            "display_name": "OV-Web-Terraform-dev",
            "id": "0a7c48f5-1375-4f6c-84c3-6744c50f0a4d",
            "ip_pool_id": "",
            "mac_pool_id": "",
            "replication_mode": "MTEP",
            "revision": 0,
            "switching_profile_id": [],
            "tag": [
              {
                "scope": "CreatedBy",
                "tag": "Terraform"
              },
              {
                "scope": "tenant",
                "tag": "dev"
              }
            ],
            "transport_zone_id": "69007beb-637b-4269-a776-756198e5bf5f",
            "vlan": 0,
            "vni": 71692
          },
          "depends_on": [
            "data.nsxt_transport_zone.overlay_tz"
          ]
        }
      ]
    },
    {
      "mode": "managed",
      "type": "nsxt_logical_tier1_router",
      "name": "tier1_router",
      "provider": "provider.nsxt",
      "instances": [
        {
          "schema_version": 0,
          "attributes": {
            "advertise_config_revision": 1,
            "advertise_connected_routes": false,
            "advertise_lb_snat_ip_routes": false,
            "advertise_lb_vip_routes": false,
            "advertise_nat_routes": true,
            "advertise_static_routes": false,
            "description": "Tier1 router provisioned by Terraform",
            "display_name": "t1-terraform-dev",
            "edge_cluster_id": "db150f61-ce6b-4e42-a8de-83bd0d2d1b92",
            "enable_router_advertisement": true,
            "failover_mode": "PREEMPTIVE",
            "firewall_sections": [
              {
                "is_valid": true,
                "target_display_name": "",
                "target_id": "92f9e28c-d49f-482e-b19a-826e8ac6ccd9",
                "target_type": "FirewallSection"
              }
            ],
            "id": "7a9f50b6-8673-43cb-9f18-975c8c37c707",
            "revision": 0,
            "tag": [
              {
                "scope": "CreatedBy",
                "tag": "Terraform"
              },
              {
                "scope": "tenant",
                "tag": "dev"
              }
            ]
          },
          "private": "bnVsbA==",
          "depends_on": [
            "data.nsxt_edge_cluster.edge_cluster"
          ]
        }
      ]
    },
    {
      "mode": "managed",
      "type": "nsxt_nat_rule",
      "name": "rule1",
      "provider": "provider.nsxt",
      "instances": [
        {
          "schema_version": 0,
          "attributes": {
            "action": "SNAT",
            "description": "SNAT for Web Server in dev tenant",
            "display_name": "SNAT",
            "enabled": true,
            "id": "2100",
            "logging": true,
            "logical_router_id": "7a9f50b6-8673-43cb-9f18-975c8c37c707",
            "match_destination_network": "",
            "match_source_network": "172.16.10.10",
            "nat_pass": false,
            "revision": 0,
            "rule_priority": 1024,
            "tag": [
              {
                "scope": "CreatedBy",
                "tag": "Terraform"
              },
              {
                "scope": "tenant",
                "tag": "dev"
              }
            ],
            "translated_network": "172.16.102.10",
            "translated_ports": ""
          },
          "private": "bnVsbA==",
          "depends_on": [
            "nsxt_logical_tier1_router.tier1_router"
          ]
        }
      ]
    },
    {
      "mode": "managed",
      "type": "nsxt_nat_rule",
      "name": "rule2",
      "provider": "provider.nsxt",
      "instances": [
        {
          "schema_version": 0,
          "attributes": {
            "action": "DNAT",
            "description": "DNAT for Web Server in dev tenant",
            "display_name": "DNAT",
            "enabled": true,
            "id": "2099",
            "logging": true,
            "logical_router_id": "7a9f50b6-8673-43cb-9f18-975c8c37c707",
            "match_destination_network": "172.16.102.10",
            "match_source_network": "",
            "nat_pass": false,
            "revision": 0,
            "rule_priority": 1024,
            "tag": [
              {
                "scope": "CreatedBy",
                "tag": "Terraform"
              },
              {
                "scope": "tenant",
                "tag": "dev"
              }
            ],
            "translated_network": "172.16.10.10",
            "translated_ports": ""
          },
          "private": "bnVsbA==",
          "depends_on": [
            "nsxt_logical_tier1_router.tier1_router"
          ]
        }
      ]
    }
  ]
}
